
Microsoft Visual Studio Solution File, Format Version 12.00
# Visual Studio 15
VisualStudioVersion = 15.0.28307.168
MinimumVisualStudioVersion = 10.0.40219.1
Project("{FAE04EC0-301F-11D3-BF4B-00C04F79EFBC}") = "JobServiceDemo", "JobServiceDemo\JobServiceDemo.csproj", "{6069454F-1212-4E4C-BB6A-738758498CE6}"
EndProject
Global
	GlobalSection(SolutionConfigurationPlatforms) = preSolution
		Debug|Any CPU = Debug|Any CPU
		Release|Any CPU = Release|Any CPU
	EndGlobalSection
	GlobalSection(ProjectConfigurationPlatforms) = postSolution
		{6069454F-1212-4E4C-BB6A-738758498CE6}.Debug|Any CPU.ActiveCfg = Debug|Any CPU
		{6069454F-1212-4E4C-BB6A-738758498CE6}.Debug|Any CPU.Build.0 = Debug|Any CPU
		{6069454F-1212-4E4C-BB6A-738758498CE6}.Release|Any CPU.ActiveCfg = Release|Any CPU
		{6069454F-1212-4E4C-BB6A-738758498CE6}.Release|Any CPU.Build.0 = Release|Any CPU
	EndGlobalSection
	GlobalSection(SolutionProperties) = preSolution
		HideSolutionNode = FALSE
	EndGlobalSection
	GlobalSection(ExtensibilityGlobals) = postSolution
		SolutionGuid = {1B615D62-F6C8-46A3-9852-24AE41129012}
	EndGlobalSection
EndGlobal
